# This file is automatically @generated by Cargo.
# It is not intended for manual editing.
version = 4

[[package]]
name = "case"
version = "0.1.0"

[[package]]
name = "evtx-read"
version = "0.1.0"

[[package]]
name = "mcparser"
version = "0.1.0"
dependencies = [
 "case",
 "evtx-read",
 "model",
 "query",
]

[[package]]
name = "model"
version = "0.1.0"

[[package]]
name = "query"
version = "0.1.0"
